
Microsoft Visual Studio Solution File, Format Version 12.00
# Visual Studio Version 16
VisualStudioVersion = 16.0.30717.126
MinimumVisualStudioVersion = 10.0.40219.1
Project("{FAE04EC0-301F-11D3-BF4B-00C04F79EFBC}") = "Application", "Application\Application.csproj", "{647697E2-5D3F-446C-B060-CF01C923AADC}"
EndProject
Project("{FAE04EC0-301F-11D3-BF4B-00C04F79EFBC}") = "Core", "Core\Core.csproj", "{BD81F0A1-5BF3-4963-A4C8-319666DB3FB5}"
EndProject
Project("{FAE04EC0-301F-11D3-BF4B-00C04F79EFBC}") = "Data", "Data\Data.csproj", "{70484E5B-3FFF-4A15-B896-166B46945A91}"
EndProject
Project("{FAE04EC0-301F-11D3-BF4B-00C04F79EFBC}") = "Service", "Service\Service.csproj", "{D45950C2-7B77-4FF1-99E0-CA0FC4FCCAA2}"
EndProject
Global
	GlobalSection(SolutionConfigurationPlatforms) = preSolution
		Debug|Any CPU = Debug|Any CPU
		Release|Any CPU = Release|Any CPU
	EndGlobalSection
	GlobalSection(ProjectConfigurationPlatforms) = postSolution
		{647697E2-5D3F-446C-B060-CF01C923AADC}.Debug|Any CPU.ActiveCfg = Debug|Any CPU
		{647697E2-5D3F-446C-B060-CF01C923AADC}.Debug|Any CPU.Build.0 = Debug|Any CPU
		{647697E2-5D3F-446C-B060-CF01C923AADC}.Release|Any CPU.ActiveCfg = Release|Any CPU
		{647697E2-5D3F-446C-B060-CF01C923AADC}.Release|Any CPU.Build.0 = Release|Any CPU
		{BD81F0A1-5BF3-4963-A4C8-319666DB3FB5}.Debug|Any CPU.ActiveCfg = Debug|Any CPU
		{BD81F0A1-5BF3-4963-A4C8-319666DB3FB5}.Debug|Any CPU.Build.0 = Debug|Any CPU
		{BD81F0A1-5BF3-4963-A4C8-319666DB3FB5}.Release|Any CPU.ActiveCfg = Release|Any CPU
		{BD81F0A1-5BF3-4963-A4C8-319666DB3FB5}.Release|Any CPU.Build.0 = Release|Any CPU
		{70484E5B-3FFF-4A15-B896-166B46945A91}.Debug|Any CPU.ActiveCfg = Debug|Any CPU
		{70484E5B-3FFF-4A15-B896-166B46945A91}.Debug|Any CPU.Build.0 = Debug|Any CPU
		{70484E5B-3FFF-4A15-B896-166B46945A91}.Release|Any CPU.ActiveCfg = Release|Any CPU
		{70484E5B-3FFF-4A15-B896-166B46945A91}.Release|Any CPU.Build.0 = Release|Any CPU
		{D45950C2-7B77-4FF1-99E0-CA0FC4FCCAA2}.Debug|Any CPU.ActiveCfg = Debug|Any CPU
		{D45950C2-7B77-4FF1-99E0-CA0FC4FCCAA2}.Debug|Any CPU.Build.0 = Debug|Any CPU
		{D45950C2-7B77-4FF1-99E0-CA0FC4FCCAA2}.Release|Any CPU.ActiveCfg = Release|Any CPU
		{D45950C2-7B77-4FF1-99E0-CA0FC4FCCAA2}.Release|Any CPU.Build.0 = Release|Any CPU
	EndGlobalSection
	GlobalSection(SolutionProperties) = preSolution
		HideSolutionNode = FALSE
	EndGlobalSection
	GlobalSection(ExtensibilityGlobals) = postSolution
		SolutionGuid = {97AC2529-3ABD-4810-8031-FA5881FE7E3E}
	EndGlobalSection
EndGlobal
